version = 1
revision = 2
requires-python = ">=3.12"

[[package]]
name = "aa-distributedsystems-lab"
version = "0.1.0"
source = { virtual = "." }
dependencies = [
    { name = "confluent-kafka" },
    { name = "etcd3" },
    { name = "kazoo" },
    { name = "paho-mqtt" },
    { name = "protobuf" },
]

[package.metadata]
requires-dist = [
    { name = "confluent-kafka", specifier = ">=2.11.1" },
    { name = "etcd3", specifier = ">=0.12.0" },
    { name = "kazoo", specifier = ">=2.10.0" },
    { name = "paho-mqtt", specifier = ">=2.1.0" },
    { name = "protobuf", specifier = ">=3.20.0,<4.0.0" },
]

[[package]]
name = "confluent-kafka"
version = "2.11.1"
source = { registry = "https://pypi.org/simple" }
sdist = { url = "https://files.pythonhosted.org/packages/e1/e4/cd2dc58cd583788a362c2d59d179a6537b81c3bf70c6a1907c508117ca77/confluent_kafka-2.11.1.tar.gz", hash = "sha256:a9366d9dc07a527ed0dcef9c24ba38238cf9dc63c3f53b79da15d45ce4459166", size = 227194, upload-time = "2025-08-18T21:27:48.103Z" }
wheels = [
    { url = "https://files.pythonhosted.org/packages/8a/c5/708f138c14f2b3a6f47485c632be8207e896912e5001f2ef048db5c41c2e/confluent_kafka-2.11.1-cp312-cp312-macosx_10_9_x86_64.whl", hash = "sha256:2c8e2e2d26ac58037d710f49c0ced0db5af88bc4e7714e65310a6855de3f7f73", size = 3596299, upload-time = "2025-08-18T21:26:40.559Z" },
    { url = "https://files.pythonhosted.org/packages/25/7e/93e0c618e5abc2df9e9c8e512fb264fe60144e12f32f03f79d98ae46c736/confluent_kafka-2.11.1-cp312-cp312-macosx_11_0_arm64.whl", hash = "sha256:44bc1bfcfb71ca0f5ab71312a8735678b3132e8f89fbed70285aaf1b5234e4f3", size = 3123982, upload-time = "2025-08-18T21:26:42.231Z" },
    { url = "https://files.pythonhosted.org/packages/03/eb/9e0b3cb9914e7ad112caa4edddf19e342f704631e6808a1c97f93b024c1c/confluent_kafka-2.11.1-cp312-cp312-manylinux_2_28_aarch64.whl", hash = "sha256:bc6842dc30ef258e4c5b7c6e322d992cd001b6e319838aa7a6ec210374e16830", size = 15380670, upload-time = "2025-08-18T21:26:44.777Z" },
    { url = "https://files.pythonhosted.org/packages/c6/01/f95547a5eeaf5253b299026633b521732eee58a58f9cfe4cc7f602d204f8/confluent_kafka-2.11.1-cp312-cp312-manylinux_2_28_x86_64.whl", hash = "sha256:3e01607c3613863fb0f4f86c7fc3421c4af6f70686bf903ab475c113dfacb372", size = 3916459, upload-time = "2025-08-18T21:26:48.014Z" },
    { url = "https://files.pythonhosted.org/packages/d1/d4/2a65ada2015364a9791e55697beaddc00a42e2943c5b90e6349da80ede4e/confluent_kafka-2.11.1-cp312-cp312-win_amd64.whl", hash = "sha256:4b4c371090ded6084c893a51e8aba19bc8ae6ce9c019658cb11fab82b3e93458", size = 4038551, upload-time = "2025-08-18T21:26:50.469Z" },
    { url = "https://files.pythonhosted.org/packages/52/54/6c790187fce06fb84741f21bf25a9435385a891b8a3b73b4fb5a1bf71d6f/confluent_kafka-2.11.1-cp313-cp313-macosx_13_0_arm64.whl", hash = "sha256:9618041f031320e113f9dc533c0dbd1d768dd008855ae4be1ed21148442f146e", size = 3128480, upload-time = "2025-08-18T21:26:52.688Z" },
    { url = "https://files.pythonhosted.org/packages/d5/40/aa219be95629a1da072996edae96c4db82a72f1e3610cd490f8c9aa57799/confluent_kafka-2.11.1-cp313-cp313-macosx_13_0_x86_64.whl", hash = "sha256:4f8d9dee49975a63b31dd71f0a0b4d3a2af9754a21d18d218fec6c0d9cb6eea3", size = 3599681, upload-time = "2025-08-18T21:26:54.942Z" },
    { url = "https://files.pythonhosted.org/packages/ba/0c/29616e188b1c8a1e3fc24a3a9b5d0340591d246ee097706945f89ecb49a2/confluent_kafka-2.11.1-cp313-cp313-manylinux_2_28_aarch64.whl", hash = "sha256:e173c3e021bd525c14ea107a960c467d9fc7fe7e7d72cde1308bcddd58774f86", size = 15381089, upload-time = "2025-08-18T21:26:59.278Z" },
    { url = "https://files.pythonhosted.org/packages/e8/34/1145c73d4ab35ce71ce8fcc9238a59fddb304de01dbf8a10039ab8ff55ea/confluent_kafka-2.11.1-cp313-cp313-manylinux_2_28_x86_64.whl", hash = "sha256:639b7b776dc1d830b0ee4188487c54977fe7d5bf70befbdcf222ac9e1b72ab7e", size = 3916834, upload-time = "2025-08-18T21:27:02.376Z" },
    { url = "https://files.pythonhosted.org/packages/af/a3/77a5d2bbd20808ed571844e5de40b3422261824f66a20a5f3e0f44aa1061/confluent_kafka-2.11.1-cp313-cp313-win_amd64.whl", hash = "sha256:09f7703fe54429911f7d1cdf62c3044c4b7eaefa0af9d2dbcf4b513d97673380", size = 4098185, upload-time = "2025-08-18T21:27:04.82Z" },
    { url = "https://files.pythonhosted.org/packages/b1/70/8f56755827e9423777571116518127c9b2f357299f082ed386898f63740a/confluent_kafka-2.11.1-cp313-cp313t-manylinux_2_28_aarch64.whl", hash = "sha256:bc6eceedf0cda75ea666899d972ca9c68b529f1ff36ed99f5f15503d0d08d1b3", size = 15379674, upload-time = "2025-08-18T21:27:09.249Z" },
]

[[package]]
name = "etcd3"
version = "0.12.0"
source = { registry = "https://pypi.org/simple" }
dependencies = [
    { name = "grpcio" },
    { name = "protobuf" },
    { name = "six" },
    { name = "tenacity" },
]
sdist = { url = "https://files.pythonhosted.org/packages/9c/eb/6d1ef4d6a3e8b74e45c502cbd3ea6c5c6c786d003829db9369c2530f5e3f/etcd3-0.12.0.tar.gz", hash = "sha256:89a704cb389bf0a010a1fa050ce19342d23bf6371ebda1c21cfe8ff3ed488726", size = 63926, upload-time = "2020-03-31T17:12:28.503Z" }

[[package]]
name = "grpcio"
version = "1.75.1"
source = { registry = "https://pypi.org/simple" }
dependencies = [
    { name = "typing-extensions" },
]
sdist = { url = "https://files.pythonhosted.org/packages/9d/f7/8963848164c7604efb3a3e6ee457fdb3a469653e19002bd24742473254f8/grpcio-1.75.1.tar.gz", hash = "sha256:3e81d89ece99b9ace23a6916880baca613c03a799925afb2857887efa8b1b3d2", size = 12731327, upload-time = "2025-09-26T09:03:36.887Z" }
wheels = [
    { url = "https://files.pythonhosted.org/packages/3a/81/42be79e73a50aaa20af66731c2defeb0e8c9008d9935a64dd8ea8e8c44eb/grpcio-1.75.1-cp312-cp312-linux_armv7l.whl", hash = "sha256:7b888b33cd14085d86176b1628ad2fcbff94cfbbe7809465097aa0132e58b018", size = 5668314, upload-time = "2025-09-26T09:01:55.424Z" },
    { url = "https://files.pythonhosted.org/packages/c5/a7/3686ed15822fedc58c22f82b3a7403d9faf38d7c33de46d4de6f06e49426/grpcio-1.75.1-cp312-cp312-macosx_11_0_universal2.whl", hash = "sha256:8775036efe4ad2085975531d221535329f5dac99b6c2a854a995456098f99546", size = 11476125, upload-time = "2025-09-26T09:01:57.927Z" },
    { url = "https://files.pythonhosted.org/packages/14/85/21c71d674f03345ab183c634ecd889d3330177e27baea8d5d247a89b6442/grpcio-1.75.1-cp312-cp312-manylinux2014_aarch64.manylinux_2_17_aarch64.whl", hash = "sha256:bb658f703468d7fbb5dcc4037c65391b7dc34f808ac46ed9136c24fc5eeb041d", size = 6246335, upload-time = "2025-09-26T09:02:00.76Z" },
    { url = "https://files.pythonhosted.org/packages/fd/db/3beb661bc56a385ae4fa6b0e70f6b91ac99d47afb726fe76aaff87ebb116/grpcio-1.75.1-cp312-cp312-manylinux2014_i686.manylinux_2_17_i686.whl", hash = "sha256:4b7177a1cdb3c51b02b0c0a256b0a72fdab719600a693e0e9037949efffb200b", size = 6916309, upload-time = "2025-09-26T09:02:02.894Z" },
    { url = "https://files.pythonhosted.org/packages/1e/9c/eda9fe57f2b84343d44c1b66cf3831c973ba29b078b16a27d4587a1fdd47/grpcio-1.75.1-cp312-cp312-manylinux2014_x86_64.manylinux_2_17_x86_64.whl", hash = "sha256:7d4fa6ccc3ec2e68a04f7b883d354d7fea22a34c44ce535a2f0c0049cf626ddf", size = 6435419, upload-time = "2025-09-26T09:02:05.055Z" },
    { url = "https://files.pythonhosted.org/packages/c3/b8/090c98983e0a9d602e3f919a6e2d4e470a8b489452905f9a0fa472cac059/grpcio-1.75.1-cp312-cp312-musllinux_1_2_aarch64.whl", hash = "sha256:3d86880ecaeb5b2f0a8afa63824de93adb8ebe4e49d0e51442532f4e08add7d6", size = 7064893, upload-time = "2025-09-26T09:02:07.275Z" },
    { url = "https://files.pythonhosted.org/packages/ec/c0/6d53d4dbbd00f8bd81571f5478d8a95528b716e0eddb4217cc7cb45aae5f/grpcio-1.75.1-cp312-cp312-musllinux_1_2_i686.whl", hash = "sha256:a8041d2f9e8a742aeae96f4b047ee44e73619f4f9d24565e84d5446c623673b6", size = 8011922, upload-time = "2025-09-26T09:02:09.527Z" },
    { url = "https://files.pythonhosted.org/packages/f2/7c/48455b2d0c5949678d6982c3e31ea4d89df4e16131b03f7d5c590811cbe9/grpcio-1.75.1-cp312-cp312-musllinux_1_2_x86_64.whl", hash = "sha256:3652516048bf4c314ce12be37423c79829f46efffb390ad64149a10c6071e8de", size = 7466181, upload-time = "2025-09-26T09:02:12.279Z" },
    { url = "https://files.pythonhosted.org/packages/fd/12/04a0e79081e3170b6124f8cba9b6275871276be06c156ef981033f691880/grpcio-1.75.1-cp312-cp312-win32.whl", hash = "sha256:44b62345d8403975513af88da2f3d5cc76f73ca538ba46596f92a127c2aea945", size = 3938543, upload-time = "2025-09-26T09:02:14.77Z" },
    { url = "https://files.pythonhosted.org/packages/5f/d7/11350d9d7fb5adc73d2b0ebf6ac1cc70135577701e607407fe6739a90021/grpcio-1.75.1-cp312-cp312-win_amd64.whl", hash = "sha256:b1e191c5c465fa777d4cafbaacf0c01e0d5278022082c0abbd2ee1d6454ed94d", size = 4641938, upload-time = "2025-09-26T09:02:16.927Z" },
    { url = "https://files.pythonhosted.org/packages/46/74/bac4ab9f7722164afdf263ae31ba97b8174c667153510322a5eba4194c32/grpcio-1.75.1-cp313-cp313-linux_armv7l.whl", hash = "sha256:3bed22e750d91d53d9e31e0af35a7b0b51367e974e14a4ff229db5b207647884", size = 5672779, upload-time = "2025-09-26T09:02:19.11Z" },
    { url = "https://files.pythonhosted.org/packages/a6/52/d0483cfa667cddaa294e3ab88fd2c2a6e9dc1a1928c0e5911e2e54bd5b50/grpcio-1.75.1-cp313-cp313-macosx_11_0_universal2.whl", hash = "sha256:5b8f381eadcd6ecaa143a21e9e80a26424c76a0a9b3d546febe6648f3a36a5ac", size = 11470623, upload-time = "2025-09-26T09:02:22.117Z" },
    { url = "https://files.pythonhosted.org/packages/cf/e4/d1954dce2972e32384db6a30273275e8c8ea5a44b80347f9055589333b3f/grpcio-1.75.1-cp313-cp313-manylinux2014_aarch64.manylinux_2_17_aarch64.whl", hash = "sha256:5bf4001d3293e3414d0cf99ff9b1139106e57c3a66dfff0c5f60b2a6286ec133", size = 6248838, upload-time = "2025-09-26T09:02:26.426Z" },
    { url = "https://files.pythonhosted.org/packages/06/43/073363bf63826ba8077c335d797a8d026f129dc0912b69c42feaf8f0cd26/grpcio-1.75.1-cp313-cp313-manylinux2014_i686.manylinux_2_17_i686.whl", hash = "sha256:9f82ff474103e26351dacfe8d50214e7c9322960d8d07ba7fa1d05ff981c8b2d", size = 6922663, upload-time = "2025-09-26T09:02:28.724Z" },
    { url = "https://files.pythonhosted.org/packages/c2/6f/076ac0df6c359117676cacfa8a377e2abcecec6a6599a15a672d331f6680/grpcio-1.75.1-cp313-cp313-manylinux2014_x86_64.manylinux_2_17_x86_64.whl", hash = "sha256:0ee119f4f88d9f75414217823d21d75bfe0e6ed40135b0cbbfc6376bc9f7757d", size = 6436149, upload-time = "2025-09-26T09:02:30.971Z" },
    { url = "https://files.pythonhosted.org/packages/6b/27/1d08824f1d573fcb1fa35ede40d6020e68a04391709939e1c6f4193b445f/grpcio-1.75.1-cp313-cp313-musllinux_1_2_aarch64.whl", hash = "sha256:664eecc3abe6d916fa6cf8dd6b778e62fb264a70f3430a3180995bf2da935446", size = 7067989, upload-time = "2025-09-26T09:02:33.233Z" },
    { url = "https://files.pythonhosted.org/packages/c6/98/98594cf97b8713feb06a8cb04eeef60b4757e3e2fb91aa0d9161da769843/grpcio-1.75.1-cp313-cp313-musllinux_1_2_i686.whl", hash = "sha256:c32193fa08b2fbebf08fe08e84f8a0aad32d87c3ad42999c65e9449871b1c66e", size = 8010717, upload-time = "2025-09-26T09:02:36.011Z" },
    { url = "https://files.pythonhosted.org/packages/8c/7e/bb80b1bba03c12158f9254762cdf5cced4a9bc2e8ed51ed335915a5a06ef/grpcio-1.75.1-cp313-cp313-musllinux_1_2_x86_64.whl", hash = "sha256:5cebe13088b9254f6e615bcf1da9131d46cfa4e88039454aca9cb65f639bd3bc", size = 7463822, upload-time = "2025-09-26T09:02:38.26Z" },
    { url = "https://files.pythonhosted.org/packages/23/1c/1ea57fdc06927eb5640f6750c697f596f26183573069189eeaf6ef86ba2d/grpcio-1.75.1-cp313-cp313-win32.whl", hash = "sha256:4b4c678e7ed50f8ae8b8dbad15a865ee73ce12668b6aaf411bf3258b5bc3f970", size = 3938490, upload-time = "2025-09-26T09:02:40.268Z" },
    { url = "https://files.pythonhosted.org/packages/4b/24/fbb8ff1ccadfbf78ad2401c41aceaf02b0d782c084530d8871ddd69a2d49/grpcio-1.75.1-cp313-cp313-win_amd64.whl", hash = "sha256:5573f51e3f296a1bcf71e7a690c092845fb223072120f4bdb7a5b48e111def66", size = 4642538, upload-time = "2025-09-26T09:02:42.519Z" },
    { url = "https://files.pythonhosted.org/packages/f2/1b/9a0a5cecd24302b9fdbcd55d15ed6267e5f3d5b898ff9ac8cbe17ee76129/grpcio-1.75.1-cp314-cp314-linux_armv7l.whl", hash = "sha256:c05da79068dd96723793bffc8d0e64c45f316248417515f28d22204d9dae51c7", size = 5673319, upload-time = "2025-09-26T09:02:44.742Z" },
    { url = "https://files.pythonhosted.org/packages/c6/ec/9d6959429a83fbf5df8549c591a8a52bb313976f6646b79852c4884e3225/grpcio-1.75.1-cp314-cp314-macosx_11_0_universal2.whl", hash = "sha256:06373a94fd16ec287116a825161dca179a0402d0c60674ceeec8c9fba344fe66", size = 11480347, upload-time = "2025-09-26T09:02:47.539Z" },
    { url = "https://files.pythonhosted.org/packages/09/7a/26da709e42c4565c3d7bf999a9569da96243ce34a8271a968dee810a7cf1/grpcio-1.75.1-cp314-cp314-manylinux2014_aarch64.manylinux_2_17_aarch64.whl", hash = "sha256:4484f4b7287bdaa7a5b3980f3c7224c3c622669405d20f69549f5fb956ad0421", size = 6254706, upload-time = "2025-09-26T09:02:50.4Z" },
    { url = "https://files.pythonhosted.org/packages/f1/08/dcb26a319d3725f199c97e671d904d84ee5680de57d74c566a991cfab632/grpcio-1.75.1-cp314-cp314-manylinux2014_i686.manylinux_2_17_i686.whl", hash = "sha256:2720c239c1180eee69f7883c1d4c83fc1a495a2535b5fa322887c70bf02b16e8", size = 6922501, upload-time = "2025-09-26T09:02:52.711Z" },
    { url = "https://files.pythonhosted.org/packages/78/66/044d412c98408a5e23cb348845979a2d17a2e2b6c3c34c1ec91b920f49d0/grpcio-1.75.1-cp314-cp314-manylinux2014_x86_64.manylinux_2_17_x86_64.whl", hash = "sha256:07a554fa31c668cf0e7a188678ceeca3cb8fead29bbe455352e712ec33ca701c", size = 6437492, upload-time = "2025-09-26T09:02:55.542Z" },
    { url = "https://files.pythonhosted.org/packages/4e/9d/5e3e362815152aa1afd8b26ea613effa005962f9da0eec6e0e4527e7a7d1/grpcio-1.75.1-cp314-cp314-musllinux_1_2_aarch64.whl", hash = "sha256:3e71a2105210366bfc398eef7f57a664df99194f3520edb88b9c3a7e46ee0d64", size = 7081061, upload-time = "2025-09-26T09:02:58.261Z" },
    { url = "https://files.pythonhosted.org/packages/1e/1a/46615682a19e100f46e31ddba9ebc297c5a5ab9ddb47b35443ffadb8776c/grpcio-1.75.1-cp314-cp314-musllinux_1_2_i686.whl", hash = "sha256:8679aa8a5b67976776d3c6b0521e99d1c34db8a312a12bcfd78a7085cb9b604e", size = 8010849, upload-time = "2025-09-26T09:03:00.548Z" },
    { url = "https://files.pythonhosted.org/packages/67/8e/3204b94ac30b0f675ab1c06540ab5578660dc8b690db71854d3116f20d00/grpcio-1.75.1-cp314-cp314-musllinux_1_2_x86_64.whl", hash = "sha256:aad1c774f4ebf0696a7f148a56d39a3432550612597331792528895258966dc0", size = 7464478, upload-time = "2025-09-26T09:03:03.096Z" },
    { url = "https://files.pythonhosted.org/packages/b7/97/2d90652b213863b2cf466d9c1260ca7e7b67a16780431b3eb1d0420e3d5b/grpcio-1.75.1-cp314-cp314-win32.whl", hash = "sha256:62ce42d9994446b307649cb2a23335fa8e927f7ab2cbf5fcb844d6acb4d85f9c", size = 4012672, upload-time = "2025-09-26T09:03:05.477Z" },
    { url = "https://files.pythonhosted.org/packages/f9/df/e2e6e9fc1c985cd1a59e6996a05647c720fe8a03b92f5ec2d60d366c531e/grpcio-1.75.1-cp314-cp314-win_amd64.whl", hash = "sha256:f86e92275710bea3000cb79feca1762dc0ad3b27830dd1a74e82ab321d4ee464", size = 4772475, upload-time = "2025-09-26T09:03:07.661Z" },
]

[[package]]
name = "kazoo"
version = "2.10.0"
source = { registry = "https://pypi.org/simple" }
sdist = { url = "https://files.pythonhosted.org/packages/ff/01/75d0baf017c89de8909e4429a1865a17e45d9b787ce8084a2c55c95a79c9/kazoo-2.10.0.tar.gz", hash = "sha256:905796ae4f4c12bd4e4ae92e6e5d018439e6b56c8cfbb24825362e79b230dab1", size = 183304, upload-time = "2024-01-28T20:02:03.921Z" }
wheels = [
    { url = "https://files.pythonhosted.org/packages/fc/48/6a6f6de9b6257cd1741ffb877068731a7469d13ea0e2d73c9a1daa557c59/kazoo-2.10.0-py2.py3-none-any.whl", hash = "sha256:de2d69168de432ff66b457a26c727a5bf7ff53af5806653fd1df7f04b6a5483c", size = 148873, upload-time = "2024-01-28T20:02:01.773Z" },
]

[[package]]
name = "paho-mqtt"
version = "2.1.0"
source = { registry = "https://pypi.org/simple" }
sdist = { url = "https://files.pythonhosted.org/packages/39/15/0a6214e76d4d32e7f663b109cf71fb22561c2be0f701d67f93950cd40542/paho_mqtt-2.1.0.tar.gz", hash = "sha256:12d6e7511d4137555a3f6ea167ae846af2c7357b10bc6fa4f7c3968fc1723834", size = 148848, upload-time = "2024-04-29T19:52:55.591Z" }
wheels = [
    { url = "https://files.pythonhosted.org/packages/c4/cb/00451c3cf31790287768bb12c6bec834f5d292eaf3022afc88e14b8afc94/paho_mqtt-2.1.0-py3-none-any.whl", hash = "sha256:6db9ba9b34ed5bc6b6e3812718c7e06e2fd7444540df2455d2c51bd58808feee", size = 67219, upload-time = "2024-04-29T19:52:48.345Z" },
]

[[package]]
name = "protobuf"
version = "3.20.3"
source = { registry = "https://pypi.org/simple" }
sdist = { url = "https://files.pythonhosted.org/packages/55/5b/e3d951e34f8356e5feecacd12a8e3b258a1da6d9a03ad1770f28925f29bc/protobuf-3.20.3.tar.gz", hash = "sha256:2e3427429c9cffebf259491be0af70189607f365c2f41c7c3764af6f337105f2", size = 216768, upload-time = "2022-09-29T22:39:47.592Z" }
wheels = [
    { url = "https://files.pythonhosted.org/packages/8d/14/619e24a4c70df2901e1f4dbc50a6291eb63a759172558df326347dce1f0d/protobuf-3.20.3-py2.py3-none-any.whl", hash = "sha256:a7ca6d488aa8ff7f329d4c545b2dbad8ac31464f1d8b1c87ad1346717731e4db", size = 162128, upload-time = "2022-09-29T22:39:44.547Z" },
]

[[package]]
name = "six"
version = "1.17.0"
source = { registry = "https://pypi.org/simple" }
sdist = { url = "https://files.pythonhosted.org/packages/94/e7/b2c673351809dca68a0e064b6af791aa332cf192da575fd474ed7d6f16a2/six-1.17.0.tar.gz", hash = "sha256:ff70335d468e7eb6ec65b95b99d3a2836546063f63acc5171de367e834932a81", size = 34031, upload-time = "2024-12-04T17:35:28.174Z" }
wheels = [
    { url = "https://files.pythonhosted.org/packages/b7/ce/149a00dd41f10bc29e5921b496af8b574d8413afcd5e30dfa0ed46c2cc5e/six-1.17.0-py2.py3-none-any.whl", hash = "sha256:4721f391ed90541fddacab5acf947aa0d3dc7d27b2e1e8eda2be8970586c3274", size = 11050, upload-time = "2024-12-04T17:35:26.475Z" },
]

[[package]]
name = "tenacity"
version = "9.1.2"
source = { registry = "https://pypi.org/simple" }
sdist = { url = "https://files.pythonhosted.org/packages/0a/d4/2b0cd0fe285e14b36db076e78c93766ff1d529d70408bd1d2a5a84f1d929/tenacity-9.1.2.tar.gz", hash = "sha256:1169d376c297e7de388d18b4481760d478b0e99a777cad3a9c86e556f4b697cb", size = 48036, upload-time = "2025-04-02T08:25:09.966Z" }
wheels = [
    { url = "https://files.pythonhosted.org/packages/e5/30/643397144bfbfec6f6ef821f36f33e57d35946c44a2352d3c9f0ae847619/tenacity-9.1.2-py3-none-any.whl", hash = "sha256:f77bf36710d8b73a50b2dd155c97b870017ad21afe6ab300326b0371b3b05138", size = 28248, upload-time = "2025-04-02T08:25:07.678Z" },
]

[[package]]
name = "typing-extensions"
version = "4.15.0"
source = { registry = "https://pypi.org/simple" }
sdist = { url = "https://files.pythonhosted.org/packages/72/94/1a15dd82efb362ac84269196e94cf00f187f7ed21c242792a923cdb1c61f/typing_extensions-4.15.0.tar.gz", hash = "sha256:0cea48d173cc12fa28ecabc3b837ea3cf6f38c6d1136f85cbaaf598984861466", size = 109391, upload-time = "2025-08-25T13:49:26.313Z" }
wheels = [
    { url = "https://files.pythonhosted.org/packages/18/67/36e9267722cc04a6b9f15c7f3441c2363321a3ea07da7ae0c0707beb2a9c/typing_extensions-4.15.0-py3-none-any.whl", hash = "sha256:f0fa19c6845758ab08074a0cfa8b7aecb71c999ca73d62883bc25cc018c4e548", size = 44614, upload-time = "2025-08-25T13:49:24.86Z" },
]
